
Microsoft Visual Studio Solution File, Format Version 12.00
# Visual Studio Version 17
VisualStudioVersion = 17.4.33205.214
MinimumVisualStudioVersion = 10.0.40219.1
Project("{FAE04EC0-301F-11D3-BF4B-00C04F79EFBC}") = "library management system", "library management system.csproj", "{C16F6EBE-0488-48E5-9BA3-078E36426B1A}"
EndProject
Global
	GlobalSection(SolutionConfigurationPlatforms) = preSolution
		Debug|Any CPU = Debug|Any CPU
		Release|Any CPU = Release|Any CPU
	EndGlobalSection
	GlobalSection(ProjectConfigurationPlatforms) = postSolution
		{C16F6EBE-0488-48E5-9BA3-078E36426B1A}.Debug|Any CPU.ActiveCfg = Debug|Any CPU
		{C16F6EBE-0488-48E5-9BA3-078E36426B1A}.Debug|Any CPU.Build.0 = Debug|Any CPU
		{C16F6EBE-0488-48E5-9BA3-078E36426B1A}.Release|Any CPU.ActiveCfg = Release|Any CPU
		{C16F6EBE-0488-48E5-9BA3-078E36426B1A}.Release|Any CPU.Build.0 = Release|Any CPU
	EndGlobalSection
	GlobalSection(SolutionProperties) = preSolution
		HideSolutionNode = FALSE
	EndGlobalSection
	GlobalSection(ExtensibilityGlobals) = postSolution
		SolutionGuid = {029DBC17-A73C-436F-8402-394C2C8FB807}
	EndGlobalSection
EndGlobal
